
Microsoft Visual Studio Solution File, Format Version 12.00
# Visual Studio Version 16
VisualStudioVersion = 16.0.30907.101
MinimumVisualStudioVersion = 10.0.40219.1
Project("{8BC9CEB8-8B4A-11D0-8D11-00A0C91BC942}") = "mondelbrote", "mondelbrote\mondelbrote.vcxproj", "{533641E5-CCC2-4CFF-A1FC-06E72EFDEC85}"
EndProject
Global
	GlobalSection(SolutionConfigurationPlatforms) = preSolution
		Debug|x64 = Debug|x64
		Debug|x86 = Debug|x86
		Release|x64 = Release|x64
		Release|x86 = Release|x86
	EndGlobalSection
	GlobalSection(ProjectConfigurationPlatforms) = postSolution
		{533641E5-CCC2-4CFF-A1FC-06E72EFDEC85}.Debug|x64.ActiveCfg = Debug|x64
		{533641E5-CCC2-4CFF-A1FC-06E72EFDEC85}.Debug|x64.Build.0 = Debug|x64
		{533641E5-CCC2-4CFF-A1FC-06E72EFDEC85}.Debug|x86.ActiveCfg = Debug|Win32
		{533641E5-CCC2-4CFF-A1FC-06E72EFDEC85}.Debug|x86.Build.0 = Debug|Win32
		{533641E5-CCC2-4CFF-A1FC-06E72EFDEC85}.Release|x64.ActiveCfg = Release|x64
		{533641E5-CCC2-4CFF-A1FC-06E72EFDEC85}.Release|x64.Build.0 = Release|x64
		{533641E5-CCC2-4CFF-A1FC-06E72EFDEC85}.Release|x86.ActiveCfg = Release|Win32
		{533641E5-CCC2-4CFF-A1FC-06E72EFDEC85}.Release|x86.Build.0 = Release|Win32
	EndGlobalSection
	GlobalSection(SolutionProperties) = preSolution
		HideSolutionNode = FALSE
	EndGlobalSection
	GlobalSection(ExtensibilityGlobals) = postSolution
		SolutionGuid = {213D6E31-9CD0-4293-928D-30F5FE52426F}
	EndGlobalSection
EndGlobal
